
Microsoft Visual Studio Solution File, Format Version 12.00
# Visual Studio Version 17
VisualStudioVersion = 17.11.35312.102
MinimumVisualStudioVersion = 10.0.40219.1
Project("{FAE04EC0-301F-11D3-BF4B-00C04F79EFBC}") = "YoutubePlayer", "YoutubePlayer.csproj", "{3A3F041D-A2E7-4F98-914E-A3F4DEB34435}"
EndProject
Global
	GlobalSection(SolutionConfigurationPlatforms) = preSolution
		Debug|Any CPU = Debug|Any CPU
		Release|Any CPU = Release|Any CPU
	EndGlobalSection
	GlobalSection(ProjectConfigurationPlatforms) = postSolution
		{3A3F041D-A2E7-4F98-914E-A3F4DEB34435}.Debug|Any CPU.ActiveCfg = Debug|Any CPU
		{3A3F041D-A2E7-4F98-914E-A3F4DEB34435}.Debug|Any CPU.Build.0 = Debug|Any CPU
		{3A3F041D-A2E7-4F98-914E-A3F4DEB34435}.Release|Any CPU.ActiveCfg = Release|Any CPU
		{3A3F041D-A2E7-4F98-914E-A3F4DEB34435}.Release|Any CPU.Build.0 = Release|Any CPU
	EndGlobalSection
	GlobalSection(SolutionProperties) = preSolution
		HideSolutionNode = FALSE
	EndGlobalSection
	GlobalSection(ExtensibilityGlobals) = postSolution
		SolutionGuid = {DC207C14-DA19-4599-B17A-5DA7069EFF24}
	EndGlobalSection
EndGlobal
